
Microsoft Visual Studio Solution File, Format Version 12.00
# Visual Studio 15
VisualStudioVersion = 15.0.26730.12
MinimumVisualStudioVersion = 10.0.40219.1
Project("{FAE04EC0-301F-11D3-BF4B-00C04F79EFBC}") = "WebApiDemo", "WebApiDemo\WebApiDemo.csproj", "{AC9FCEE5-156A-4B74-86F7-DD0FC1AAEF48}"
EndProject
Global
	GlobalSection(SolutionConfigurationPlatforms) = preSolution
		Debug|Any CPU = Debug|Any CPU
		Release|Any CPU = Release|Any CPU
	EndGlobalSection
	GlobalSection(ProjectConfigurationPlatforms) = postSolution
		{AC9FCEE5-156A-4B74-86F7-DD0FC1AAEF48}.Debug|Any CPU.ActiveCfg = Debug|Any CPU
		{AC9FCEE5-156A-4B74-86F7-DD0FC1AAEF48}.Debug|Any CPU.Build.0 = Debug|Any CPU
		{AC9FCEE5-156A-4B74-86F7-DD0FC1AAEF48}.Release|Any CPU.ActiveCfg = Release|Any CPU
		{AC9FCEE5-156A-4B74-86F7-DD0FC1AAEF48}.Release|Any CPU.Build.0 = Release|Any CPU
	EndGlobalSection
	GlobalSection(SolutionProperties) = preSolution
		HideSolutionNode = FALSE
	EndGlobalSection
	GlobalSection(ExtensibilityGlobals) = postSolution
		SolutionGuid = {F5BD68D8-5F72-45CB-BF8E-80353BF98BEA}
	EndGlobalSection
EndGlobal
